
Microsoft Visual Studio Solution File, Format Version 12.00
# Visual Studio Version 16
VisualStudioVersion = 16.0.31424.327
MinimumVisualStudioVersion = 10.0.40219.1
Project("{FAE04EC0-301F-11D3-BF4B-00C04F79EFBC}") = "dictonaries", "dictonaries\dictonaries.csproj", "{EACA1AE0-F521-4CD7-930E-C5259069D000}"
EndProject
Global
	GlobalSection(SolutionConfigurationPlatforms) = preSolution
		Debug|Any CPU = Debug|Any CPU
		Release|Any CPU = Release|Any CPU
	EndGlobalSection
	GlobalSection(ProjectConfigurationPlatforms) = postSolution
		{EACA1AE0-F521-4CD7-930E-C5259069D000}.Debug|Any CPU.ActiveCfg = Debug|Any CPU
		{EACA1AE0-F521-4CD7-930E-C5259069D000}.Debug|Any CPU.Build.0 = Debug|Any CPU
		{EACA1AE0-F521-4CD7-930E-C5259069D000}.Release|Any CPU.ActiveCfg = Release|Any CPU
		{EACA1AE0-F521-4CD7-930E-C5259069D000}.Release|Any CPU.Build.0 = Release|Any CPU
	EndGlobalSection
	GlobalSection(SolutionProperties) = preSolution
		HideSolutionNode = FALSE
	EndGlobalSection
	GlobalSection(ExtensibilityGlobals) = postSolution
		SolutionGuid = {A79C7DAA-EBE8-4A64-8205-A097C0D2B0E0}
	EndGlobalSection
EndGlobal
