
Microsoft Visual Studio Solution File, Format Version 12.00
# Visual Studio Version 16
VisualStudioVersion = 16.0.31424.327
MinimumVisualStudioVersion = 10.0.40219.1
Project("{FAE04EC0-301F-11D3-BF4B-00C04F79EFBC}") = "jaggedArray", "jaggedArray\jaggedArray.csproj", "{76653D14-9265-4FB8-9A97-E0C966766368}"
EndProject
Global
	GlobalSection(SolutionConfigurationPlatforms) = preSolution
		Debug|Any CPU = Debug|Any CPU
		Release|Any CPU = Release|Any CPU
	EndGlobalSection
	GlobalSection(ProjectConfigurationPlatforms) = postSolution
		{76653D14-9265-4FB8-9A97-E0C966766368}.Debug|Any CPU.ActiveCfg = Debug|Any CPU
		{76653D14-9265-4FB8-9A97-E0C966766368}.Debug|Any CPU.Build.0 = Debug|Any CPU
		{76653D14-9265-4FB8-9A97-E0C966766368}.Release|Any CPU.ActiveCfg = Release|Any CPU
		{76653D14-9265-4FB8-9A97-E0C966766368}.Release|Any CPU.Build.0 = Release|Any CPU
	EndGlobalSection
	GlobalSection(SolutionProperties) = preSolution
		HideSolutionNode = FALSE
	EndGlobalSection
	GlobalSection(ExtensibilityGlobals) = postSolution
		SolutionGuid = {98833A5F-AEE2-45C2-A412-42863CB2D8DE}
	EndGlobalSection
EndGlobal
