
Microsoft Visual Studio Solution File, Format Version 12.00
# Visual Studio Version 16
VisualStudioVersion = 16.0.31424.327
MinimumVisualStudioVersion = 10.0.40219.1
Project("{FAE04EC0-301F-11D3-BF4B-00C04F79EFBC}") = "inheritancedemo2", "inheritancedemo2\inheritancedemo2.csproj", "{164630D2-B1CB-452D-9A92-083AC3EB5AAE}"
EndProject
Global
	GlobalSection(SolutionConfigurationPlatforms) = preSolution
		Debug|Any CPU = Debug|Any CPU
		Release|Any CPU = Release|Any CPU
	EndGlobalSection
	GlobalSection(ProjectConfigurationPlatforms) = postSolution
		{164630D2-B1CB-452D-9A92-083AC3EB5AAE}.Debug|Any CPU.ActiveCfg = Debug|Any CPU
		{164630D2-B1CB-452D-9A92-083AC3EB5AAE}.Debug|Any CPU.Build.0 = Debug|Any CPU
		{164630D2-B1CB-452D-9A92-083AC3EB5AAE}.Release|Any CPU.ActiveCfg = Release|Any CPU
		{164630D2-B1CB-452D-9A92-083AC3EB5AAE}.Release|Any CPU.Build.0 = Release|Any CPU
	EndGlobalSection
	GlobalSection(SolutionProperties) = preSolution
		HideSolutionNode = FALSE
	EndGlobalSection
	GlobalSection(ExtensibilityGlobals) = postSolution
		SolutionGuid = {CDC36858-B452-4445-B620-3A8ECFEC3438}
	EndGlobalSection
EndGlobal
