
Microsoft Visual Studio Solution File, Format Version 12.00
# Visual Studio Version 16
VisualStudioVersion = 16.0.31424.327
MinimumVisualStudioVersion = 10.0.40219.1
Project("{FAE04EC0-301F-11D3-BF4B-00C04F79EFBC}") = "inheritanceDemo", "inheritanceDemo\inheritanceDemo.csproj", "{5EDDB8EF-B0D1-4EDD-9373-DB847853E6B9}"
EndProject
Global
	GlobalSection(SolutionConfigurationPlatforms) = preSolution
		Debug|Any CPU = Debug|Any CPU
		Release|Any CPU = Release|Any CPU
	EndGlobalSection
	GlobalSection(ProjectConfigurationPlatforms) = postSolution
		{5EDDB8EF-B0D1-4EDD-9373-DB847853E6B9}.Debug|Any CPU.ActiveCfg = Debug|Any CPU
		{5EDDB8EF-B0D1-4EDD-9373-DB847853E6B9}.Debug|Any CPU.Build.0 = Debug|Any CPU
		{5EDDB8EF-B0D1-4EDD-9373-DB847853E6B9}.Release|Any CPU.ActiveCfg = Release|Any CPU
		{5EDDB8EF-B0D1-4EDD-9373-DB847853E6B9}.Release|Any CPU.Build.0 = Release|Any CPU
	EndGlobalSection
	GlobalSection(SolutionProperties) = preSolution
		HideSolutionNode = FALSE
	EndGlobalSection
	GlobalSection(ExtensibilityGlobals) = postSolution
		SolutionGuid = {384EEFE2-7438-43F2-A115-424B6E1150E0}
	EndGlobalSection
EndGlobal
