
Microsoft Visual Studio Solution File, Format Version 12.00
# Visual Studio Version 16
VisualStudioVersion = 16.0.31424.327
MinimumVisualStudioVersion = 10.0.40219.1
Project("{FAE04EC0-301F-11D3-BF4B-00C04F79EFBC}") = "array", "array\array.csproj", "{8DF36A92-2098-4D04-8021-C38CEC2EE7D4}"
EndProject
Global
	GlobalSection(SolutionConfigurationPlatforms) = preSolution
		Debug|Any CPU = Debug|Any CPU
		Release|Any CPU = Release|Any CPU
	EndGlobalSection
	GlobalSection(ProjectConfigurationPlatforms) = postSolution
		{8DF36A92-2098-4D04-8021-C38CEC2EE7D4}.Debug|Any CPU.ActiveCfg = Debug|Any CPU
		{8DF36A92-2098-4D04-8021-C38CEC2EE7D4}.Debug|Any CPU.Build.0 = Debug|Any CPU
		{8DF36A92-2098-4D04-8021-C38CEC2EE7D4}.Release|Any CPU.ActiveCfg = Release|Any CPU
		{8DF36A92-2098-4D04-8021-C38CEC2EE7D4}.Release|Any CPU.Build.0 = Release|Any CPU
	EndGlobalSection
	GlobalSection(SolutionProperties) = preSolution
		HideSolutionNode = FALSE
	EndGlobalSection
	GlobalSection(ExtensibilityGlobals) = postSolution
		SolutionGuid = {E84D0B19-2869-41B8-95A1-63631202AC2D}
	EndGlobalSection
EndGlobal
