
Microsoft Visual Studio Solution File, Format Version 12.00
# Visual Studio Version 16
VisualStudioVersion = 16.0.31424.327
MinimumVisualStudioVersion = 10.0.40219.1
Project("{FAE04EC0-301F-11D3-BF4B-00C04F79EFBC}") = "Challenge - Datatypes And Variables", "Challenge - Datatypes And Variables\Challenge - Datatypes And Variables.csproj", "{164AD4C5-EE90-4BA6-8782-30300B2ED83E}"
EndProject
Global
	GlobalSection(SolutionConfigurationPlatforms) = preSolution
		Debug|Any CPU = Debug|Any CPU
		Release|Any CPU = Release|Any CPU
	EndGlobalSection
	GlobalSection(ProjectConfigurationPlatforms) = postSolution
		{164AD4C5-EE90-4BA6-8782-30300B2ED83E}.Debug|Any CPU.ActiveCfg = Debug|Any CPU
		{164AD4C5-EE90-4BA6-8782-30300B2ED83E}.Debug|Any CPU.Build.0 = Debug|Any CPU
		{164AD4C5-EE90-4BA6-8782-30300B2ED83E}.Release|Any CPU.ActiveCfg = Release|Any CPU
		{164AD4C5-EE90-4BA6-8782-30300B2ED83E}.Release|Any CPU.Build.0 = Release|Any CPU
	EndGlobalSection
	GlobalSection(SolutionProperties) = preSolution
		HideSolutionNode = FALSE
	EndGlobalSection
	GlobalSection(ExtensibilityGlobals) = postSolution
		SolutionGuid = {322CE809-2953-4013-92DC-27B380A649F9}
	EndGlobalSection
EndGlobal
