
Microsoft Visual Studio Solution File, Format Version 12.00
# Visual Studio Version 16
VisualStudioVersion = 16.0.31515.178
MinimumVisualStudioVersion = 10.0.40219.1
Project("{FAE04EC0-301F-11D3-BF4B-00C04F79EFBC}") = "tic tac toe", "tic tac toe\tic tac toe.csproj", "{4A3FCDBB-9624-4CD4-8FE8-78B77C7EBD3B}"
EndProject
Global
	GlobalSection(SolutionConfigurationPlatforms) = preSolution
		Debug|Any CPU = Debug|Any CPU
		Release|Any CPU = Release|Any CPU
	EndGlobalSection
	GlobalSection(ProjectConfigurationPlatforms) = postSolution
		{4A3FCDBB-9624-4CD4-8FE8-78B77C7EBD3B}.Debug|Any CPU.ActiveCfg = Debug|Any CPU
		{4A3FCDBB-9624-4CD4-8FE8-78B77C7EBD3B}.Debug|Any CPU.Build.0 = Debug|Any CPU
		{4A3FCDBB-9624-4CD4-8FE8-78B77C7EBD3B}.Release|Any CPU.ActiveCfg = Release|Any CPU
		{4A3FCDBB-9624-4CD4-8FE8-78B77C7EBD3B}.Release|Any CPU.Build.0 = Release|Any CPU
	EndGlobalSection
	GlobalSection(SolutionProperties) = preSolution
		HideSolutionNode = FALSE
	EndGlobalSection
	GlobalSection(ExtensibilityGlobals) = postSolution
		SolutionGuid = {DE4FEC3E-D75E-49F2-B390-307337249C6F}
	EndGlobalSection
EndGlobal
