
Microsoft Visual Studio Solution File, Format Version 12.00
# Visual Studio Version 16
VisualStudioVersion = 16.0.31605.320
MinimumVisualStudioVersion = 10.0.40219.1
Project("{FAE04EC0-301F-11D3-BF4B-00C04F79EFBC}") = "WPF - Grid", "WPF - Grid\WPF - Grid.csproj", "{48FF2189-54F7-48E6-B439-38A5FB0C0511}"
EndProject
Global
	GlobalSection(SolutionConfigurationPlatforms) = preSolution
		Debug|Any CPU = Debug|Any CPU
		Release|Any CPU = Release|Any CPU
	EndGlobalSection
	GlobalSection(ProjectConfigurationPlatforms) = postSolution
		{48FF2189-54F7-48E6-B439-38A5FB0C0511}.Debug|Any CPU.ActiveCfg = Debug|Any CPU
		{48FF2189-54F7-48E6-B439-38A5FB0C0511}.Debug|Any CPU.Build.0 = Debug|Any CPU
		{48FF2189-54F7-48E6-B439-38A5FB0C0511}.Release|Any CPU.ActiveCfg = Release|Any CPU
		{48FF2189-54F7-48E6-B439-38A5FB0C0511}.Release|Any CPU.Build.0 = Release|Any CPU
	EndGlobalSection
	GlobalSection(SolutionProperties) = preSolution
		HideSolutionNode = FALSE
	EndGlobalSection
	GlobalSection(ExtensibilityGlobals) = postSolution
		SolutionGuid = {D62C010A-8D0F-493D-BFE8-840AB3D9F842}
	EndGlobalSection
EndGlobal
