
Microsoft Visual Studio Solution File, Format Version 12.00
# Visual Studio Version 17
VisualStudioVersion = 17.2.32630.192
MinimumVisualStudioVersion = 10.0.40219.1
Project("{FAE04EC0-301F-11D3-BF4B-00C04F79EFBC}") = "Coding exercises", "Coding exercises\Coding exercises.csproj", "{A9E22E3C-E3E4-4399-80D0-577F30515527}"
EndProject
Global
	GlobalSection(SolutionConfigurationPlatforms) = preSolution
		Debug|Any CPU = Debug|Any CPU
		Release|Any CPU = Release|Any CPU
	EndGlobalSection
	GlobalSection(ProjectConfigurationPlatforms) = postSolution
		{A9E22E3C-E3E4-4399-80D0-577F30515527}.Debug|Any CPU.ActiveCfg = Debug|Any CPU
		{A9E22E3C-E3E4-4399-80D0-577F30515527}.Debug|Any CPU.Build.0 = Debug|Any CPU
		{A9E22E3C-E3E4-4399-80D0-577F30515527}.Release|Any CPU.ActiveCfg = Release|Any CPU
		{A9E22E3C-E3E4-4399-80D0-577F30515527}.Release|Any CPU.Build.0 = Release|Any CPU
	EndGlobalSection
	GlobalSection(SolutionProperties) = preSolution
		HideSolutionNode = FALSE
	EndGlobalSection
	GlobalSection(ExtensibilityGlobals) = postSolution
		SolutionGuid = {47B120C4-412A-459A-A536-0A91A62867D2}
	EndGlobalSection
EndGlobal
