
Microsoft Visual Studio Solution File, Format Version 12.00
# Visual Studio Version 16
VisualStudioVersion = 16.0.31424.327
MinimumVisualStudioVersion = 10.0.40219.1
Project("{FAE04EC0-301F-11D3-BF4B-00C04F79EFBC}") = "arrayList", "arrayList\arrayList.csproj", "{3E55B421-3EBA-4753-89FF-7E9EDA57758E}"
EndProject
Global
	GlobalSection(SolutionConfigurationPlatforms) = preSolution
		Debug|Any CPU = Debug|Any CPU
		Release|Any CPU = Release|Any CPU
	EndGlobalSection
	GlobalSection(ProjectConfigurationPlatforms) = postSolution
		{3E55B421-3EBA-4753-89FF-7E9EDA57758E}.Debug|Any CPU.ActiveCfg = Debug|Any CPU
		{3E55B421-3EBA-4753-89FF-7E9EDA57758E}.Debug|Any CPU.Build.0 = Debug|Any CPU
		{3E55B421-3EBA-4753-89FF-7E9EDA57758E}.Release|Any CPU.ActiveCfg = Release|Any CPU
		{3E55B421-3EBA-4753-89FF-7E9EDA57758E}.Release|Any CPU.Build.0 = Release|Any CPU
	EndGlobalSection
	GlobalSection(SolutionProperties) = preSolution
		HideSolutionNode = FALSE
	EndGlobalSection
	GlobalSection(ExtensibilityGlobals) = postSolution
		SolutionGuid = {710A293D-A193-402B-9859-8DDB4D878617}
	EndGlobalSection
EndGlobal
