
Microsoft Visual Studio Solution File, Format Version 12.00
# Visual Studio Version 16
VisualStudioVersion = 16.0.31424.327
MinimumVisualStudioVersion = 10.0.40219.1
Project("{FAE04EC0-301F-11D3-BF4B-00C04F79EFBC}") = "IEnumerator and IEnumerable", "IEnumerator and IEnumerable\IEnumerator and IEnumerable.csproj", "{5CC1085D-E1D2-4215-BE0B-3E42265E803B}"
EndProject
Global
	GlobalSection(SolutionConfigurationPlatforms) = preSolution
		Debug|Any CPU = Debug|Any CPU
		Release|Any CPU = Release|Any CPU
	EndGlobalSection
	GlobalSection(ProjectConfigurationPlatforms) = postSolution
		{5CC1085D-E1D2-4215-BE0B-3E42265E803B}.Debug|Any CPU.ActiveCfg = Debug|Any CPU
		{5CC1085D-E1D2-4215-BE0B-3E42265E803B}.Debug|Any CPU.Build.0 = Debug|Any CPU
		{5CC1085D-E1D2-4215-BE0B-3E42265E803B}.Release|Any CPU.ActiveCfg = Release|Any CPU
		{5CC1085D-E1D2-4215-BE0B-3E42265E803B}.Release|Any CPU.Build.0 = Release|Any CPU
	EndGlobalSection
	GlobalSection(SolutionProperties) = preSolution
		HideSolutionNode = FALSE
	EndGlobalSection
	GlobalSection(ExtensibilityGlobals) = postSolution
		SolutionGuid = {77213FA9-8CD5-47F7-8C28-0028B9C8DE16}
	EndGlobalSection
EndGlobal
