
Microsoft Visual Studio Solution File, Format Version 12.00
# Visual Studio Version 16
VisualStudioVersion = 16.0.31424.327
MinimumVisualStudioVersion = 10.0.40219.1
Project("{FAE04EC0-301F-11D3-BF4B-00C04F79EFBC}") = "stacks", "stacks\stacks.csproj", "{CAA6C87D-5F46-4C16-8087-F20EA7728305}"
EndProject
Global
	GlobalSection(SolutionConfigurationPlatforms) = preSolution
		Debug|Any CPU = Debug|Any CPU
		Release|Any CPU = Release|Any CPU
	EndGlobalSection
	GlobalSection(ProjectConfigurationPlatforms) = postSolution
		{CAA6C87D-5F46-4C16-8087-F20EA7728305}.Debug|Any CPU.ActiveCfg = Debug|Any CPU
		{CAA6C87D-5F46-4C16-8087-F20EA7728305}.Debug|Any CPU.Build.0 = Debug|Any CPU
		{CAA6C87D-5F46-4C16-8087-F20EA7728305}.Release|Any CPU.ActiveCfg = Release|Any CPU
		{CAA6C87D-5F46-4C16-8087-F20EA7728305}.Release|Any CPU.Build.0 = Release|Any CPU
	EndGlobalSection
	GlobalSection(SolutionProperties) = preSolution
		HideSolutionNode = FALSE
	EndGlobalSection
	GlobalSection(ExtensibilityGlobals) = postSolution
		SolutionGuid = {63DD68B4-7173-46F4-9F1C-8A2E3D0C3161}
	EndGlobalSection
EndGlobal
