
Microsoft Visual Studio Solution File, Format Version 12.00
# Visual Studio Version 16
VisualStudioVersion = 16.0.31702.278
MinimumVisualStudioVersion = 10.0.40219.1
Project("{FAE04EC0-301F-11D3-BF4B-00C04F79EFBC}") = "WPF ComboBox", "WPF ComboBox\WPF ComboBox.csproj", "{D0139073-5398-4F79-A890-88605482EF9C}"
EndProject
Global
	GlobalSection(SolutionConfigurationPlatforms) = preSolution
		Debug|Any CPU = Debug|Any CPU
		Release|Any CPU = Release|Any CPU
	EndGlobalSection
	GlobalSection(ProjectConfigurationPlatforms) = postSolution
		{D0139073-5398-4F79-A890-88605482EF9C}.Debug|Any CPU.ActiveCfg = Debug|Any CPU
		{D0139073-5398-4F79-A890-88605482EF9C}.Debug|Any CPU.Build.0 = Debug|Any CPU
		{D0139073-5398-4F79-A890-88605482EF9C}.Release|Any CPU.ActiveCfg = Release|Any CPU
		{D0139073-5398-4F79-A890-88605482EF9C}.Release|Any CPU.Build.0 = Release|Any CPU
	EndGlobalSection
	GlobalSection(SolutionProperties) = preSolution
		HideSolutionNode = FALSE
	EndGlobalSection
	GlobalSection(ExtensibilityGlobals) = postSolution
		SolutionGuid = {FF024229-6699-4A9B-AFF3-6057201A9DFF}
	EndGlobalSection
EndGlobal
