
Microsoft Visual Studio Solution File, Format Version 12.00
# Visual Studio Version 16
VisualStudioVersion = 16.0.31424.327
MinimumVisualStudioVersion = 10.0.40219.1
Project("{FAE04EC0-301F-11D3-BF4B-00C04F79EFBC}") = "interfaceDemo", "interfaceDemo\interfaceDemo.csproj", "{A72B3C03-343F-4150-9D04-97688AE1F274}"
EndProject
Global
	GlobalSection(SolutionConfigurationPlatforms) = preSolution
		Debug|Any CPU = Debug|Any CPU
		Release|Any CPU = Release|Any CPU
	EndGlobalSection
	GlobalSection(ProjectConfigurationPlatforms) = postSolution
		{A72B3C03-343F-4150-9D04-97688AE1F274}.Debug|Any CPU.ActiveCfg = Debug|Any CPU
		{A72B3C03-343F-4150-9D04-97688AE1F274}.Debug|Any CPU.Build.0 = Debug|Any CPU
		{A72B3C03-343F-4150-9D04-97688AE1F274}.Release|Any CPU.ActiveCfg = Release|Any CPU
		{A72B3C03-343F-4150-9D04-97688AE1F274}.Release|Any CPU.Build.0 = Release|Any CPU
	EndGlobalSection
	GlobalSection(SolutionProperties) = preSolution
		HideSolutionNode = FALSE
	EndGlobalSection
	GlobalSection(ExtensibilityGlobals) = postSolution
		SolutionGuid = {00B15A0F-99A8-4F62-8241-2E6C30589C74}
	EndGlobalSection
EndGlobal
