
Microsoft Visual Studio Solution File, Format Version 12.00
# Visual Studio Version 16
VisualStudioVersion = 16.0.31424.327
MinimumVisualStudioVersion = 10.0.40219.1
Project("{FAE04EC0-301F-11D3-BF4B-00C04F79EFBC}") = "Polymorphism", "Polymorphism\Polymorphism.csproj", "{DD424B7C-295D-470A-984C-C6BEFF984263}"
EndProject
Global
	GlobalSection(SolutionConfigurationPlatforms) = preSolution
		Debug|Any CPU = Debug|Any CPU
		Release|Any CPU = Release|Any CPU
	EndGlobalSection
	GlobalSection(ProjectConfigurationPlatforms) = postSolution
		{DD424B7C-295D-470A-984C-C6BEFF984263}.Debug|Any CPU.ActiveCfg = Debug|Any CPU
		{DD424B7C-295D-470A-984C-C6BEFF984263}.Debug|Any CPU.Build.0 = Debug|Any CPU
		{DD424B7C-295D-470A-984C-C6BEFF984263}.Release|Any CPU.ActiveCfg = Release|Any CPU
		{DD424B7C-295D-470A-984C-C6BEFF984263}.Release|Any CPU.Build.0 = Release|Any CPU
	EndGlobalSection
	GlobalSection(SolutionProperties) = preSolution
		HideSolutionNode = FALSE
	EndGlobalSection
	GlobalSection(ExtensibilityGlobals) = postSolution
		SolutionGuid = {E87E4787-A478-42E1-9624-D343248DBFF9}
	EndGlobalSection
EndGlobal
