
Microsoft Visual Studio Solution File, Format Version 12.00
# Visual Studio Version 16
VisualStudioVersion = 16.0.31424.327
MinimumVisualStudioVersion = 10.0.40219.1
Project("{FAE04EC0-301F-11D3-BF4B-00C04F79EFBC}") = "Operators", "Operators\Operators.csproj", "{9420A1ED-752B-41C9-BC77-065C3C70C4F8}"
EndProject
Global
	GlobalSection(SolutionConfigurationPlatforms) = preSolution
		Debug|Any CPU = Debug|Any CPU
		Release|Any CPU = Release|Any CPU
	EndGlobalSection
	GlobalSection(ProjectConfigurationPlatforms) = postSolution
		{9420A1ED-752B-41C9-BC77-065C3C70C4F8}.Debug|Any CPU.ActiveCfg = Debug|Any CPU
		{9420A1ED-752B-41C9-BC77-065C3C70C4F8}.Debug|Any CPU.Build.0 = Debug|Any CPU
		{9420A1ED-752B-41C9-BC77-065C3C70C4F8}.Release|Any CPU.ActiveCfg = Release|Any CPU
		{9420A1ED-752B-41C9-BC77-065C3C70C4F8}.Release|Any CPU.Build.0 = Release|Any CPU
	EndGlobalSection
	GlobalSection(SolutionProperties) = preSolution
		HideSolutionNode = FALSE
	EndGlobalSection
	GlobalSection(ExtensibilityGlobals) = postSolution
		SolutionGuid = {D8CCEB25-3ADF-4265-9D72-662F6FA0D7F5}
	EndGlobalSection
EndGlobal
